
Microsoft Visual Studio Solution File, Format Version 12.00
# Visual Studio 15
VisualStudioVersion = 15.0.27428.2002
MinimumVisualStudioVersion = 10.0.40219.1
Project("{FAE04EC0-301F-11D3-BF4B-00C04F79EFBC}") = "Doorbell", "Doorbell\Doorbell.csproj", "{6F6849E4-7783-4014-B4AF-E527D1DC2D8D}"
EndProject
Global
	GlobalSection(SolutionConfigurationPlatforms) = preSolution
		Debug|Any CPU = Debug|Any CPU
		Release|Any CPU = Release|Any CPU
	EndGlobalSection
	GlobalSection(ProjectConfigurationPlatforms) = postSolution
		{6F6849E4-7783-4014-B4AF-E527D1DC2D8D}.Debug|Any CPU.ActiveCfg = Debug|Any CPU
		{6F6849E4-7783-4014-B4AF-E527D1DC2D8D}.Debug|Any CPU.Build.0 = Debug|Any CPU
		{6F6849E4-7783-4014-B4AF-E527D1DC2D8D}.Release|Any CPU.ActiveCfg = Release|Any CPU
		{6F6849E4-7783-4014-B4AF-E527D1DC2D8D}.Release|Any CPU.Build.0 = Release|Any CPU
	EndGlobalSection
	GlobalSection(SolutionProperties) = preSolution
		HideSolutionNode = FALSE
	EndGlobalSection
	GlobalSection(ExtensibilityGlobals) = postSolution
		SolutionGuid = {57F83FF9-3A1B-4124-BE21-F2A59B18EF9D}
	EndGlobalSection
EndGlobal
